# This file is automatically @generated by Cargo.
# It is not intended for manual editing.
version = 4

[[package]]
name = "addition"
version = "0.1.0"

[[package]]
name = "arithmetic_operations"
version = "0.1.0"
dependencies = [
 "addition",
 "division",
 "multiplication",
 "subtraction",
]

[[package]]
name = "division"
version = "0.1.0"

[[package]]
name = "multiplication"
version = "0.1.0"

[[package]]
name = "subtraction"
version = "0.1.0"
